IoC (Inversion of Control) is a design pattern that promotes loose coupling and separation of concerns by inverting the flow of control in a software application. In the context of a C# e-commerce application, IoC can be implemented using a dependency injection (DI) container to manage the instantiation and lifetime of objects.

The main advantage of IoC is that it makes the application more modular and maintainable by reducing the coupling between objects. It also facilitates unit testing, as objects can be easily mocked or replaced with test doubles.

Let's consider an example of IoC in an e-commerce application. Suppose we have a CartController that depends on an ICartService to manage the customer's cart. We can use a DI container, such as Autofac, to handle the instantiation and injection of the ICartService dependency:

public class CartController : Controller
{
    private readonly ICartService _cartService;

    public CartController(ICartService cartService)
    {
        _cartService = cartService;
    }

    public ActionResult Index()
    {
        var cart = _cartService.GetCart();
        return View(cart);
    }
}


In the above code, the CartController constructor takes an ICartService parameter. This is the dependency that will be injected by Autofac.

We can configure Autofac to handle the injection of ICartService by registering it with the container:

var builder = new ContainerBuilder();
builder.RegisterType<CartService>().As<ICartService>();
var container = builder.Build();


In the above code, we have registered CartService as the implementation of ICartService. When the CartController is created, Autofac will automatically inject an instance of CartService as the ICartService dependency.

The disadvantage of IoC is that it can add complexity to the codebase, as developers need to be familiar with the DI container and its configuration. It can also lead to performance issues if the container is not properly configured or if the application has a large number of dependencies. However, the benefits of IoC in terms of modularity, maintainability, and testability typically outweigh the disadvantages.


DI (Dependency Injection) and IoC (Inversion of Control) are related concepts in software development, but they are not the same thing.

DI is a design pattern that involves injecting dependencies into an object rather than having the object create or find its own dependencies. This allows for better modularity and testability, as the object can be easily replaced or mocked out for testing purposes.

IoC is a broader concept that involves inverting the control flow in a software application. Instead of having objects control the flow of the application, IoC involves a container or framework controlling the flow and providing the necessary dependencies to objects as needed. This allows for better separation of concerns and easier maintainability of the codebase.

In practical terms, IoC often involves the use of a DI container, which manages the instantiation and injection of objects and their dependencies. However, DI can be used without IoC, and IoC can be implemented without a DI container.

To summarize, DI is a pattern for managing object dependencies, while IoC is a broader pattern for managing the flow of control in an application. DI can be a part of IoC, but IoC is not limited to DI.

 Let me give you an example to illustrate the difference between DI and IoC in C#.

Let's say we have an e-commerce application that needs to retrieve information about products from a database. We might have a ProductRepository class that handles this responsibility:


public class ProductRepository
{
    private readonly DbContext _dbContext;
    
    public ProductRepository()
    {
        _dbContext = new DbContext();
    }
    
    public IEnumerable<Product> GetAllProducts()
    {
        return _dbContext.Products.ToList();
    }
}

Here, the ProductRepository class has a dependency on the DbContext class, which it creates directly in the constructor. This is an example of tight coupling, as the ProductRepository class is tightly bound to the DbContext class.

To apply DI, we can use constructor injection to pass the DbContext dependency into the ProductRepository class:

public class ProductRepository
{
    private readonly DbContext _dbContext;
    
    public ProductRepository(DbContext dbContext)
    {
        _dbContext = dbContext;
    }
    
    public IEnumerable<Product> GetAllProducts()
    {
        return _dbContext.Products.ToList();
    }
}

Here, the ProductRepository class no longer creates the DbContext directly, but instead expects it to be passed in via the constructor. This makes the class more modular and testable, as we can easily substitute a mock DbContext for testing purposes.

Now, let's look at how IoC can be used to manage the flow of control in our application. We might use a DI container like Autofac to manage the instantiation and injection of objects:

var builder = new ContainerBuilder();
builder.RegisterType<DbContext>().InstancePerLifetimeScope();
builder.RegisterType<ProductRepository>().As<IProductRepository>().InstancePerLifetimeScope();
var container = builder.Build();


Here, we register the DbContext and ProductRepository classes with Autofac, and specify that the ProductRepository class should be registered as an IProductRepository interface. We also specify that instances should be created per lifetime scope, which means that each request will get its own instance of the DbContext and ProductRepository classes.

Now, when we need to use the ProductRepository class in our application, we can simply resolve it from the container:

using(var scope = container.BeginLifetimeScope())
{
    var productRepository = scope.Resolve<IProductRepository>();
    var products = productRepository.GetAllProducts();
}

Here, we create a new lifetime scope for our request, and then resolve an instance of the IProductRepository interface from the container. Autofac will automatically create an instance of the DbContext class and pass it to the ProductRepository class, which we can then use to retrieve products from the database.

To summarize, DI is a pattern for managing object dependencies, while IoC is a broader pattern for managing the flow of control in an application. In this example, we used DI to inject the DbContext dependency into the ProductRepository class, and we used IoC to manage the instantiation and injection of objects using a DI container.


