// !$*UTF8*$!
{
	archiveVersion = 1;
	classes = {
	};
	objectVersion = 56;
	objects = {

/* Begin PBXBuildFile section */
		7A81A3B52A0CA8CC00C3AE96 /* AppDelegate.swift in Sources */ = {isa = PBXBuildFile; fileRef = 7A81A3B42A0CA8CC00C3AE96 /* AppDelegate.swift */; };
		7A81A3B72A0CA8CC00C3AE96 /* SceneDelegate.swift in Sources */ = {isa = PBXBuildFile; fileRef = 7A81A3B62A0CA8CC00C3AE96 /* SceneDelegate.swift */; };
		7A81A3B92A0CA8CC00C3AE96 /* MainTabViewController.swift in Sources */ = {isa = PBXBuildFile; fileRef = 7A81A3B82A0CA8CC00C3AE96 /* MainTabViewController.swift */; };
		7A81A3BE2A0CA8CE00C3AE96 /* Assets.xcassets in Resources */ = {isa = PBXBuildFile; fileRef = 7A81A3BD2A0CA8CE00C3AE96 /* Assets.xcassets */; };
		7A81A3C12A0CA8CE00C3AE96 /* LaunchScreen.storyboard in Resources */ = {isa = PBXBuildFile; fileRef = 7A81A3BF2A0CA8CE00C3AE96 /* LaunchScreen.storyboard */; };
		7A81A3CA2A0CABDF00C3AE96 /* HomeViewController.swift in Sources */ = {isa = PBXBuildFile; fileRef = 7A81A3C92A0CABDF00C3AE96 /* HomeViewController.swift */; };
		7A81A3CC2A0CACD500C3AE96 /* UpcomingViewController.swift in Sources */ = {isa = PBXBuildFile; fileRef = 7A81A3CB2A0CACD500C3AE96 /* UpcomingViewController.swift */; };
		7A81A3CE2A0CAD1C00C3AE96 /* SearchViewController.swift in Sources */ = {isa = PBXBuildFile; fileRef = 7A81A3CD2A0CAD1C00C3AE96 /* SearchViewController.swift */; };
		7A81A3D02A0CAD3C00C3AE96 /* DownloadViewController.swift in Sources */ = {isa = PBXBuildFile; fileRef = 7A81A3CF2A0CAD3C00C3AE96 /* DownloadViewController.swift */; };
/* End PBXBuildFile section */

/* Begin PBXFileReference section */
		7A81A3B12A0CA8CC00C3AE96 /* NetFlixClone.app */ = {isa = PBXFileReference; explicitFileType = wrapper.application; includeInIndex = 0; path = NetFlixClone.app; sourceTree = BUILT_PRODUCTS_DIR; };
		7A81A3B42A0CA8CC00C3AE96 /* AppDelegate.swift */ = {isa = PBXFileReference; lastKnownFileType = sourcecode.swift; path = AppDelegate.swift; sourceTree = "<group>"; };
		7A81A3B62A0CA8CC00C3AE96 /* SceneDelegate.swift */ = {isa = PBXFileReference; lastKnownFileType = sourcecode.swift; path = SceneDelegate.swift; sourceTree = "<group>"; };
		7A81A3B82A0CA8CC00C3AE96 /* MainTabViewController.swift */ = {isa = PBXFileReference; lastKnownFileType = sourcecode.swift; path = MainTabViewController.swift; sourceTree = "<group>"; };
		7A81A3BD2A0CA8CE00C3AE96 /* Assets.xcassets */ = {isa = PBXFileReference; lastKnownFileType = folder.assetcatalog; path = Assets.xcassets; sourceTree = "<group>"; };
		7A81A3C02A0CA8CE00C3AE96 /* Base */ = {isa = PBXFileReference; lastKnownFileType = file.storyboard; name = Base; path = Base.lproj/LaunchScreen.storyboard; sourceTree = "<group>"; };
		7A81A3C22A0CA8CE00C3AE96 /* Info.plist */ = {isa = PBXFileReference; lastKnownFileType = text.plist.xml; path = Info.plist; sourceTree = "<group>"; };
		7A81A3C92A0CABDF00C3AE96 /* HomeViewController.swift */ = {isa = PBXFileReference; lastKnownFileType = sourcecode.swift; path = HomeViewController.swift; sourceTree = "<group>"; };
		7A81A3CB2A0CACD500C3AE96 /* UpcomingViewController.swift */ = {isa = PBXFileReference; lastKnownFileType = sourcecode.swift; path = UpcomingViewController.swift; sourceTree = "<group>"; };
		7A81A3CD2A0CAD1C00C3AE96 /* SearchViewController.swift */ = {isa = PBXFileReference; lastKnownFileType = sourcecode.swift; path = SearchViewController.swift; sourceTree = "<group>"; };
		7A81A3CF2A0CAD3C00C3AE96 /* DownloadViewController.swift */ = {isa = PBXFileReference; lastKnownFileType = sourcecode.swift; path = DownloadViewController.swift; sourceTree = "<group>"; };
/* End PBXFileReference section */

/* Begin PBXFrameworksBuildPhase section */
		7A81A3AE2A0CA8CC00C3AE96 /* Frameworks */ = {
			isa = PBXFrameworksBuildPhase;
			buildActionMask = 2147483647;
			files = (
			);
			runOnlyForDeploymentPostprocessing = 0;
		};
/* End PBXFrameworksBuildPhase section */

/* Begin PBXGroup section */
		7A81A3A82A0CA8CC00C3AE96 = {
			isa = PBXGroup;
			children = (
				7A81A3B32A0CA8CC00C3AE96 /* NetFlixClone */,
				7A81A3B22A0CA8CC00C3AE96 /* Products */,
			);
			sourceTree = "<group>";
		};
		7A81A3B22A0CA8CC00C3AE96 /* Products */ = {
			isa = PBXGroup;
			children = (
				7A81A3B12A0CA8CC00C3AE96 /* NetFlixClone.app */,
			);
			name = Products;
			sourceTree = "<group>";
		};
		7A81A3B32A0CA8CC00C3AE96 /* NetFlixClone */ = {
			isa = PBXGroup;
			children = (
				7A81A3C82A0CABB900C3AE96 /* Controllers */,
				7A81A3B42A0CA8CC00C3AE96 /* AppDelegate.swift */,
				7A81A3B62A0CA8CC00C3AE96 /* SceneDelegate.swift */,
				7A81A3B82A0CA8CC00C3AE96 /* MainTabViewController.swift */,
				7A81A3BD2A0CA8CE00C3AE96 /* Assets.xcassets */,
				7A81A3BF2A0CA8CE00C3AE96 /* LaunchScreen.storyboard */,
				7A81A3C22A0CA8CE00C3AE96 /* Info.plist */,
			);
			path = NetFlixClone;
			sourceTree = "<group>";
		};
		7A81A3C82A0CABB900C3AE96 /* Controllers */ = {
			isa = PBXGroup;
			children = (
				7A81A3C92A0CABDF00C3AE96 /* HomeViewController.swift */,
				7A81A3CB2A0CACD500C3AE96 /* UpcomingViewController.swift */,
				7A81A3CD2A0CAD1C00C3AE96 /* SearchViewController.swift */,
				7A81A3CF2A0CAD3C00C3AE96 /* DownloadViewController.swift */,
			);
			path = Controllers;
			sourceTree = "<group>";
		};
/* End PBXGroup section */

/* Begin PBXNativeTarget section */
		7A81A3B02A0CA8CC00C3AE96 /* NetFlixClone */ = {
			isa = PBXNativeTarget;
			buildConfigurationList = 7A81A3C52A0CA8CE00C3AE96 /* Build configuration list for PBXNativeTarget "NetFlixClone" */;
			buildPhases = (
				7A81A3AD2A0CA8CC00C3AE96 /* Sources */,
				7A81A3AE2A0CA8CC00C3AE96 /* Frameworks */,
				7A81A3AF2A0CA8CC00C3AE96 /* Resources */,
			);
			buildRules = (
			);
			dependencies = (
			);
			name = NetFlixClone;
			productName = NetFlixClone;
			productReference = 7A81A3B12A0CA8CC00C3AE96 /* NetFlixClone.app */;
			productType = "com.apple.product-type.application";
		};
/* End PBXNativeTarget section */

/* Begin PBXProject section */
		7A81A3A92A0CA8CC00C3AE96 /* Project object */ = {
			isa = PBXProject;
			attributes = {
				BuildIndependentTargetsInParallel = 1;
				LastSwiftUpdateCheck = 1400;
				LastUpgradeCheck = 1400;
				TargetAttributes = {
					7A81A3B02A0CA8CC00C3AE96 = {
						CreatedOnToolsVersion = 14.0;
					};
				};
			};
			buildConfigurationList = 7A81A3AC2A0CA8CC00C3AE96 /* Build configuration list for PBXProject "NetFlixClone" */;
			compatibilityVersion = "Xcode 14.0";
			developmentRegion = en;
			hasScannedForEncodings = 0;
			knownRegions = (
				en,
				Base,
			);
			mainGroup = 7A81A3A82A0CA8CC00C3AE96;
			productRefGroup = 7A81A3B22A0CA8CC00C3AE96 /* Products */;
			projectDirPath = "";
			projectRoot = "";
			targets = (
				7A81A3B02A0CA8CC00C3AE96 /* NetFlixClone */,
			);
		};
/* End PBXProject section */

/* Begin PBXResourcesBuildPhase section */
		7A81A3AF2A0CA8CC00C3AE96 /* Resources */ = {
			isa = PBXResourcesBuildPhase;
			buildActionMask = 2147483647;
			files = (
				7A81A3C12A0CA8CE00C3AE96 /* LaunchScreen.storyboard in Resources */,
				7A81A3BE2A0CA8CE00C3AE96 /* Assets.xcassets in Resources */,
			);
			runOnlyForDeploymentPostprocessing = 0;
		};
/* End PBXResourcesBuildPhase section */

/* Begin PBXSourcesBuildPhase section */
		7A81A3AD2A0CA8CC00C3AE96 /* Sources */ = {
			isa = PBXSourcesBuildPhase;
			buildActionMask = 2147483647;
			files = (
				7A81A3CE2A0CAD1C00C3AE96 /* SearchViewController.swift in Sources */,
				7A81A3B92A0CA8CC00C3AE96 /* MainTabViewController.swift in Sources */,
				7A81A3B52A0CA8CC00C3AE96 /* AppDelegate.swift in Sources */,
				7A81A3D02A0CAD3C00C3AE96 /* DownloadViewController.swift in Sources */,
				7A81A3B72A0CA8CC00C3AE96 /* SceneDelegate.swift in Sources */,
				7A81A3CC2A0CACD500C3AE96 /* UpcomingViewController.swift in Sources */,
				7A81A3CA2A0CABDF00C3AE96 /* HomeViewController.swift in Sources */,
			);
			runOnlyForDeploymentPostprocessing = 0;
		};
/* End PBXSourcesBuildPhase section */

/* Begin PBXVariantGroup section */
		7A81A3BF2A0CA8CE00C3AE96 /* LaunchScreen.storyboard */ = {
			isa = PBXVariantGroup;
			children = (
				7A81A3C02A0CA8CE00C3AE96 /* Base */,
			);
			name = LaunchScreen.storyboard;
			sourceTree = "<group>";
		};
/* End PBXVariantGroup section */

/* Begin XCBuildConfiguration section */
		7A81A3C32A0CA8CE00C3AE96 /* Debug */ = {
			isa = XCBuildConfiguration;
			buildSettings = {
				ALWAYS_SEARCH_USER_PATHS = NO;
				CLANG_ANALYZER_NONNULL = YES;
				CLANG_ANALYZER_NUMBER_OBJECT_CONVERSION = YES_AGGRESSIVE;
				CLANG_CXX_LANGUAGE_STANDARD = "gnu++20";
				CLANG_ENABLE_MODULES = YES;
				CLANG_ENABLE_OBJC_ARC = YES;
				CLANG_ENABLE_OBJC_WEAK = YES;
				CLANG_WARN_BLOCK_CAPTURE_AUTORELEASING = YES;
				CLANG_WARN_BOOL_CONVERSION = YES;
				CLANG_WARN_COMMA = YES;
				CLANG_WARN_CONSTANT_CONVERSION = YES;
				CLANG_WARN_DEPRECATED_OBJC_IMPLEMENTATIONS = YES;
				CLANG_WARN_DIRECT_OBJC_ISA_USAGE = YES_ERROR;
				CLANG_WARN_DOCUMENTATION_COMMENTS = YES;
				CLANG_WARN_EMPTY_BODY = YES;
				CLANG_WARN_ENUM_CONVERSION = YES;
				CLANG_WARN_INFINITE_RECURSION = YES;
				CLANG_WARN_INT_CONVERSION = YES;
				CLANG_WARN_NON_LITERAL_NULL_CONVERSION = YES;
				CLANG_WARN_OBJC_IMPLICIT_RETAIN_SELF = YES;
				CLANG_WARN_OBJC_LITERAL_CONVERSION = YES;
				CLANG_WARN_OBJC_ROOT_CLASS = YES_ERROR;
				CLANG_WARN_QUOTED_INCLUDE_IN_FRAMEWORK_HEADER = YES;
				CLANG_WARN_RANGE_LOOP_ANALYSIS = YES;
				CLANG_WARN_STRICT_PROTOTYPES = YES;
				CLANG_WARN_SUSPICIOUS_MOVE = YES;
				CLANG_WARN_UNGUARDED_AVAILABILITY = YES_AGGRESSIVE;
				CLANG_WARN_UNREACHABLE_CODE = YES;
				CLANG_WARN__DUPLICATE_METHOD_MATCH = YES;
				COPY_PHASE_STRIP = NO;
				DEBUG_INFORMATION_FORMAT = dwarf;
				ENABLE_STRICT_OBJC_MSGSEND = YES;
				ENABLE_TESTABILITY = YES;
				GCC_C_LANGUAGE_STANDARD = gnu11;
				GCC_DYNAMIC_NO_PIC = NO;
				GCC_NO_COMMON_BLOCKS = YES;
				GCC_OPTIMIZATION_LEVEL = 0;
				GCC_PREPROCESSOR_DEFINITIONS = (
					"DEBUG=1",
					"$(inherited)",
				);
				GCC_WARN_64_TO_32_BIT_CONVERSION = YES;
				GCC_WARN_ABOUT_RETURN_TYPE = YES_ERROR;
				GCC_WARN_UNDECLARED_SELECTOR = YES;
				GCC_WARN_UNINITIALIZED_AUTOS = YES_AGGRESSIVE;
				GCC_WARN_UNUSED_FUNCTION = YES;
				GCC_WARN_UNUSED_VARIABLE = YES;
				IPHONEOS_DEPLOYMENT_TARGET = 16.0;
				MTL_ENABLE_DEBUG_INFO = INCLUDE_SOURCE;
				MTL_FAST_MATH = YES;
				ONLY_ACTIVE_ARCH = YES;
				SDKROOT = iphoneos;
				SWIFT_ACTIVE_COMPILATION_CONDITIONS = DEBUG;
				SWIFT_OPTIMIZATION_LEVEL = "-Onone";
			};
			name = Debug;
		};
		7A81A3C42A0CA8CE00C3AE96 /* Release */ = {
			isa = XCBuildConfiguration;
			buildSettings = {
				ALWAYS_SEARCH_USER_PATHS = NO;
				CLANG_ANALYZER_NONNULL = YES;
				CLANG_ANALYZER_NUMBER_OBJECT_CONVERSION = YES_AGGRESSIVE;
				CLANG_CXX_LANGUAGE_STANDARD = "gnu++20";
				CLANG_ENABLE_MODULES = YES;
				CLANG_ENABLE_OBJC_ARC = YES;
				CLANG_ENABLE_OBJC_WEAK = YES;
				CLANG_WARN_BLOCK_CAPTURE_AUTORELEASING = YES;
				CLANG_WARN_BOOL_CONVERSION = YES;
				CLANG_WARN_COMMA = YES;
				CLANG_WARN_CONSTANT_CONVERSION = YES;
				CLANG_WARN_DEPRECATED_OBJC_IMPLEMENTATIONS = YES;
				CLANG_WARN_DIRECT_OBJC_ISA_USAGE = YES_ERROR;
				CLANG_WARN_DOCUMENTATION_COMMENTS = YES;
				CLANG_WARN_EMPTY_BODY = YES;
				CLANG_WARN_ENUM_CONVERSION = YES;
				CLANG_WARN_INFINITE_RECURSION = YES;
				CLANG_WARN_INT_CONVERSION = YES;
				CLANG_WARN_NON_LITERAL_NULL_CONVERSION = YES;
				CLANG_WARN_OBJC_IMPLICIT_RETAIN_SELF = YES;
				CLANG_WARN_OBJC_LITERAL_CONVERSION = YES;
				CLANG_WARN_OBJC_ROOT_CLASS = YES_ERROR;
				CLANG_WARN_QUOTED_INCLUDE_IN_FRAMEWORK_HEADER = YES;
				CLANG_WARN_RANGE_LOOP_ANALYSIS = YES;
				CLANG_WARN_STRICT_PROTOTYPES = YES;
				CLANG_WARN_SUSPICIOUS_MOVE = YES;
				CLANG_WARN_UNGUARDED_AVAILABILITY = YES_AGGRESSIVE;
				CLANG_WARN_UNREACHABLE_CODE = YES;
				CLANG_WARN__DUPLICATE_METHOD_MATCH = YES;
				COPY_PHASE_STRIP = NO;
				DEBUG_INFORMATION_FORMAT = "dwarf-with-dsym";
				ENABLE_NS_ASSERTIONS = NO;
				ENABLE_STRICT_OBJC_MSGSEND = YES;
				GCC_C_LANGUAGE_STANDARD = gnu11;
				GCC_NO_COMMON_BLOCKS = YES;
				GCC_WARN_64_TO_32_BIT_CONVERSION = YES;
				GCC_WARN_ABOUT_RETURN_TYPE = YES_ERROR;
				GCC_WARN_UNDECLARED_SELECTOR = YES;
				GCC_WARN_UNINITIALIZED_AUTOS = YES_AGGRESSIVE;
				GCC_WARN_UNUSED_FUNCTION = YES;
				GCC_WARN_UNUSED_VARIABLE = YES;
				IPHONEOS_DEPLOYMENT_TARGET = 16.0;
				MTL_ENABLE_DEBUG_INFO = NO;
				MTL_FAST_MATH = YES;
				SDKROOT = iphoneos;
				SWIFT_COMPILATION_MODE = wholemodule;
				SWIFT_OPTIMIZATION_LEVEL = "-O";
				VALIDATE_PRODUCT = YES;
			};
			name = Release;
		};
		7A81A3C62A0CA8CE00C3AE96 /* Debug */ = {
			isa = XCBuildConfiguration;
			buildSettings = {
				ASSETCATALOG_COMPILER_APPICON_NAME = AppIcon;
				ASSETCATALOG_COMPILER_GLOBAL_ACCENT_COLOR_NAME = AccentColor;
				CODE_SIGN_STYLE = Automatic;
				CURRENT_PROJECT_VERSION = 1;
				DEVELOPMENT_TEAM = 8BS5JU9A7F;
				GENERATE_INFOPLIST_FILE = YES;
				INFOPLIST_FILE = NetFlixClone/Info.plist;
				INFOPLIST_KEY_UIApplicationSupportsIndirectInputEvents = YES;
				INFOPLIST_KEY_UILaunchStoryboardName = LaunchScreen;
				INFOPLIST_KEY_UIMainStoryboardFile = "";
				INFOPLIST_KEY_UISupportedInterfaceOrientations_iPad = "UIInterfaceOrientationPortrait UIInterfaceOrientationPortraitUpsideDown UIInterfaceOrientationLandscapeLeft UIInterfaceOrientationLandscapeRight";
				INFOPLIST_KEY_UISupportedInterfaceOrientations_iPhone = "UIInterfaceOrientationPortrait UIInterfaceOrientationLandscapeLeft UIInterfaceOrientationLandscapeRight";
				LD_RUNPATH_SEARCH_PATHS = (
					"$(inherited)",
					"@executable_path/Frameworks",
				);
				MARKETING_VERSION = 1.0;
				PRODUCT_BUNDLE_IDENTIFIER = com.shishir.NetFlixClone;
				PRODUCT_NAME = "$(TARGET_NAME)";
				SWIFT_EMIT_LOC_STRINGS = YES;
				SWIFT_VERSION = 5.0;
				TARGETED_DEVICE_FAMILY = "1,2";
			};
			name = Debug;
		};
		7A81A3C72A0CA8CE00C3AE96 /* Release */ = {
			isa = XCBuildConfiguration;
			buildSettings = {
				ASSETCATALOG_COMPILER_APPICON_NAME = AppIcon;
				ASSETCATALOG_COMPILER_GLOBAL_ACCENT_COLOR_NAME = AccentColor;
				CODE_SIGN_STYLE = Automatic;
				CURRENT_PROJECT_VERSION = 1;
				DEVELOPMENT_TEAM = 8BS5JU9A7F;
				GENERATE_INFOPLIST_FILE = YES;
				INFOPLIST_FILE = NetFlixClone/Info.plist;
				INFOPLIST_KEY_UIApplicationSupportsIndirectInputEvents = YES;
				INFOPLIST_KEY_UILaunchStoryboardName = LaunchScreen;
				INFOPLIST_KEY_UIMainStoryboardFile = "";
				INFOPLIST_KEY_UISupportedInterfaceOrientations_iPad = "UIInterfaceOrientationPortrait UIInterfaceOrientationPortraitUpsideDown UIInterfaceOrientationLandscapeLeft UIInterfaceOrientationLandscapeRight";
				INFOPLIST_KEY_UISupportedInterfaceOrientations_iPhone = "UIInterfaceOrientationPortrait UIInterfaceOrientationLandscapeLeft UIInterfaceOrientationLandscapeRight";
				LD_RUNPATH_SEARCH_PATHS = (
					"$(inherited)",
					"@executable_path/Frameworks",
				);
				MARKETING_VERSION = 1.0;
				PRODUCT_BUNDLE_IDENTIFIER = com.shishir.NetFlixClone;
				PRODUCT_NAME = "$(TARGET_NAME)";
				SWIFT_EMIT_LOC_STRINGS = YES;
				SWIFT_VERSION = 5.0;
				TARGETED_DEVICE_FAMILY = "1,2";
			};
			name = Release;
		};
/* End XCBuildConfiguration section */

/* Begin XCConfigurationList section */
		7A81A3AC2A0CA8CC00C3AE96 /* Build configuration list for PBXProject "NetFlixClone" */ = {
			isa = XCConfigurationList;
			buildConfigurations = (
				7A81A3C32A0CA8CE00C3AE96 /* Debug */,
				7A81A3C42A0CA8CE00C3AE96 /* Release */,
			);
			defaultConfigurationIsVisible = 0;
			defaultConfigurationName = Release;
		};
		7A81A3C52A0CA8CE00C3AE96 /* Build configuration list for PBXNativeTarget "NetFlixClone" */ = {
			isa = XCConfigurationList;
			buildConfigurations = (
				7A81A3C62A0CA8CE00C3AE96 /* Debug */,
				7A81A3C72A0CA8CE00C3AE96 /* Release */,
			);
			defaultConfigurationIsVisible = 0;
			defaultConfigurationName = Release;
		};
/* End XCConfigurationList section */
	};
	rootObject = 7A81A3A92A0CA8CC00C3AE96 /* Project object */;
}
